{
  "name": "npm-exe",
  "version": "1.0.2",
  "lockfileVersion": 1,
  "requires": true,
  "dependencies": {
    "npm-process": {
      "version": "1.0.1",
      "resolved": "https://registry.npmjs.org/npm-process/-/npm-process-1.0.1.tgz",
      "integrity": "sha512-hg1dwmHMiQI3lOwEjY8a/qZAJC6Ourbjkwng/EVuoVdsHzPotrxUi/Dc6hTJo8ErI4DXpApeXPpJxfNngaE3gw==",
      "dev": true
    }
  }
}
